{
  "name": "utharnessly",
  "version": "0.2.23",
  "lockfileVersion": 3,
  "requires": true,
  "packages": {
    "": {
      "name": "utharnessly",
      "version": "0.2.23",
      "license": "MIT",
      "dependencies": {
        "@vr_patel/tui": "1.0.0"
      },
      "bin": {
        "utharness": "bin/utharnessly.js",
        "utharnessly": "bin/utharnessly.js"
      },
      "engines": {
        "node": ">=18"
      }
    },
    "node_modules/@vr_patel/tui": {
      "version": "1.0.0",
      "resolved": "https://registry.npmjs.org/@vr_patel/tui/-/tui-1.0.0.tgz",
      "integrity": "sha512-HuPZpOoJJgsiKe5jxGnqKznuAw2S2p/XH6d4aYdP+QRxDGXORzYXdMc2X+iGOk0+OORzhyy9+IdTMjXFzKMlpA==",
      "license": "MIT",
      "engines": {
        "node": ">=18"
      }
    }
  }
}
